
Microsoft Visual Studio Solution File, Format Version 12.00
# Visual Studio Version 16
VisualStudioVersion = 16.0.30907.101
MinimumVisualStudioVersion = 10.0.40219.1
Project("{FAE04EC0-301F-11D3-BF4B-00C04F79EFBC}") = "DataAccess", "DataAccess\DataAccess.csproj", "{B805AE11-6C46-4027-BCAC-E33FCF80DFC0}"
EndProject
Project("{FAE04EC0-301F-11D3-BF4B-00C04F79EFBC}") = "Business", "Business\Business.csproj", "{914ED5DD-94CE-43B6-BC0F-16A969ADBB55}"
EndProject
Project("{FAE04EC0-301F-11D3-BF4B-00C04F79EFBC}") = "Entities", "Entities\Entities.csproj", "{91B0D474-3535-48DD-A066-80CA1707331C}"
EndProject
Project("{FAE04EC0-301F-11D3-BF4B-00C04F79EFBC}") = "ConsoleUI", "ConsoleUI\ConsoleUI.csproj", "{240D09A6-8FE6-4A19-8E61-11ADBBA9E9F7}"
EndProject
Global
	GlobalSection(SolutionConfigurationPlatforms) = preSolution
		Debug|Any CPU = Debug|Any CPU
		Release|Any CPU = Release|Any CPU
	EndGlobalSection
	GlobalSection(ProjectConfigurationPlatforms) = postSolution
		{B805AE11-6C46-4027-BCAC-E33FCF80DFC0}.Debug|Any CPU.ActiveCfg = Debug|Any CPU
		{B805AE11-6C46-4027-BCAC-E33FCF80DFC0}.Debug|Any CPU.Build.0 = Debug|Any CPU
		{B805AE11-6C46-4027-BCAC-E33FCF80DFC0}.Release|Any CPU.ActiveCfg = Release|Any CPU
		{B805AE11-6C46-4027-BCAC-E33FCF80DFC0}.Release|Any CPU.Build.0 = Release|Any CPU
		{914ED5DD-94CE-43B6-BC0F-16A969ADBB55}.Debug|Any CPU.ActiveCfg = Debug|Any CPU
		{914ED5DD-94CE-43B6-BC0F-16A969ADBB55}.Debug|Any CPU.Build.0 = Debug|Any CPU
		{914ED5DD-94CE-43B6-BC0F-16A969ADBB55}.Release|Any CPU.ActiveCfg = Release|Any CPU
		{914ED5DD-94CE-43B6-BC0F-16A969ADBB55}.Release|Any CPU.Build.0 = Release|Any CPU
		{91B0D474-3535-48DD-A066-80CA1707331C}.Debug|Any CPU.ActiveCfg = Debug|Any CPU
		{91B0D474-3535-48DD-A066-80CA1707331C}.Debug|Any CPU.Build.0 = Debug|Any CPU
		{91B0D474-3535-48DD-A066-80CA1707331C}.Release|Any CPU.ActiveCfg = Release|Any CPU
		{91B0D474-3535-48DD-A066-80CA1707331C}.Release|Any CPU.Build.0 = Release|Any CPU
		{240D09A6-8FE6-4A19-8E61-11ADBBA9E9F7}.Debug|Any CPU.ActiveCfg = Debug|Any CPU
		{240D09A6-8FE6-4A19-8E61-11ADBBA9E9F7}.Debug|Any CPU.Build.0 = Debug|Any CPU
		{240D09A6-8FE6-4A19-8E61-11ADBBA9E9F7}.Release|Any CPU.ActiveCfg = Release|Any CPU
		{240D09A6-8FE6-4A19-8E61-11ADBBA9E9F7}.Release|Any CPU.Build.0 = Release|Any CPU
	EndGlobalSection
	GlobalSection(SolutionProperties) = preSolution
		HideSolutionNode = FALSE
	EndGlobalSection
	GlobalSection(ExtensibilityGlobals) = postSolution
		SolutionGuid = {14A6B69E-EC10-42B2-96FA-83A2CD78F75A}
	EndGlobalSection
EndGlobal
